// !$*UTF8*$!
{
	archiveVersion = 1;
	classes = {
	};
	objectVersion = 46;
	objects = {

/* Begin PBXBuildFile section */
		3E05E0481D7DDDA700FA476E /* AppDelegate.swift in Sources */ = {isa = PBXBuildFile; fileRef = 3E05E0471D7DDDA700FA476E /* AppDelegate.swift */; };
		3E05E04A1D7DDDA700FA476E /* ViewController.swift in Sources */ = {isa = PBXBuildFile; fileRef = 3E05E0491D7DDDA700FA476E /* ViewController.swift */; };
		3E05E04D1D7DDDA700FA476E /* Main.storyboard in Resources */ = {isa = PBXBuildFile; fileRef = 3E05E04B1D7DDDA700FA476E /* Main.storyboard */; };
		3E05E04F1D7DDDA700FA476E /* Assets.xcassets in Resources */ = {isa = PBXBuildFile; fileRef = 3E05E04E1D7DDDA700FA476E /* Assets.xcassets */; };
		3E05E0521D7DDDA700FA476E /* LaunchScreen.storyboard in Resources */ = {isa = PBXBuildFile; fileRef = 3E05E0501D7DDDA700FA476E /* LaunchScreen.storyboard */; };
/* End PBXBuildFile section */

/* Begin PBXFileReference section */
		3E05E0441D7DDDA700FA476E /* SomeThingSimple.app */ = {isa = PBXFileReference; explicitFileType = wrapper.application; includeInIndex = 0; path = SomeThingSimple.app; sourceTree = BUILT_PRODUCTS_DIR; };
		3E05E0471D7DDDA700FA476E /* AppDelegate.swift */ = {isa = PBXFileReference; lastKnownFileType = sourcecode.swift; path = AppDelegate.swift; sourceTree = "<group>"; };
		3E05E0491D7DDDA700FA476E /* ViewController.swift */ = {isa = PBXFileReference; lastKnownFileType = sourcecode.swift; path = ViewController.swift; sourceTree = "<group>"; };
		3E05E04C1D7DDDA700FA476E /* Base */ = {isa = PBXFileReference; lastKnownFileType = file.storyboard; name = Base; path = Base.lproj/Main.storyboard; sourceTree = "<group>"; };
		3E05E04E1D7DDDA700FA476E /* Assets.xcassets */ = {isa = PBXFileReference; lastKnownFileType = folder.assetcatalog; path = Assets.xcassets; sourceTree = "<group>"; };
		3E05E0511D7DDDA700FA476E /* Base */ = {isa = PBXFileReference; lastKnownFileType = file.storyboard; name = Base; path = Base.lproj/LaunchScreen.storyboard; sourceTree = "<group>"; };
		3E05E0531D7DDDA700FA476E /* Info.plist */ = {isa = PBXFileReference; lastKnownFileType = text.plist.xml; path = Info.plist; sourceTree = "<group>"; };
/* End PBXFileReference section */

/* Begin PBXFrameworksBuildPhase section */
		3E05E0411D7DDDA700FA476E /* Frameworks */ = {
			isa = PBXFrameworksBuildPhase;
			buildActionMask = 2147483647;
			files = (
			);
			runOnlyForDeploymentPostprocessing = 0;
		};
/* End PBXFrameworksBuildPhase section */

/* Begin PBXGroup section */
		3E05E03B1D7DDDA700FA476E = {
			isa = PBXGroup;
			children = (
				3E05E0461D7DDDA700FA476E /* SomeThingSimple */,
				3E05E0451D7DDDA700FA476E /* Products */,
			);
			sourceTree = "<group>";
		};
		3E05E0451D7DDDA700FA476E /* Products */ = {
			isa = PBXGroup;
			children = (
				3E05E0441D7DDDA700FA476E /* SomeThingSimple.app */,
			);
			name = Products;
			sourceTree = "<group>";
		};
		3E05E0461D7DDDA700FA476E /* SomeThingSimple */ = {
			isa = PBXGroup;
			children = (
				3E05E0471D7DDDA700FA476E /* AppDelegate.swift */,
				3E05E0491D7DDDA700FA476E /* ViewController.swift */,
				3E05E04B1D7DDDA700FA476E /* Main.storyboard */,
				3E05E04E1D7DDDA700FA476E /* Assets.xcassets */,
				3E05E0501D7DDDA700FA476E /* LaunchScreen.storyboard */,
				3E05E0531D7DDDA700FA476E /* Info.plist */,
			);
			path = SomeThingSimple;
			sourceTree = "<group>";
		};
/* End PBXGroup section */

/* Begin PBXNativeTarget section */
		3E05E0431D7DDDA700FA476E /* SomeThingSimple */ = {
			isa = PBXNativeTarget;
			buildConfigurationList = 3E05E0561D7DDDA700FA476E /* Build configuration list for PBXNativeTarget "SomeThingSimple" */;
			buildPhases = (
				3E05E0401D7DDDA700FA476E /* Sources */,
				3E05E0411D7DDDA700FA476E /* Frameworks */,
				3E05E0421D7DDDA700FA476E /* Resources */,
			);
			buildRules = (
			);
			dependencies = (
			);
			name = SomeThingSimple;
			productName = SomeThingSimple;
			productReference = 3E05E0441D7DDDA700FA476E /* SomeThingSimple.app */;
			productType = "com.apple.product-type.application";
		};
/* End PBXNativeTarget section */

/* Begin PBXProject section */
		3E05E03C1D7DDDA700FA476E /* Project object */ = {
			isa = PBXProject;
			attributes = {
				LastSwiftUpdateCheck = 0800;
				LastUpgradeCheck = 0800;
				ORGANIZATIONNAME = "Thomas Manstrup";
				TargetAttributes = {
					3E05E0431D7DDDA700FA476E = {
						CreatedOnToolsVersion = 8.0;
						DevelopmentTeam = 5XE55ZFAF9;
						ProvisioningStyle = Automatic;
					};
				};
			};
			buildConfigurationList = 3E05E03F1D7DDDA700FA476E /* Build configuration list for PBXProject "SomeThingSimple" */;
			compatibilityVersion = "Xcode 3.2";
			developmentRegion = English;
			hasScannedForEncodings = 0;
			knownRegions = (
				en,
				Base,
			);
			mainGroup = 3E05E03B1D7DDDA700FA476E;
			productRefGroup = 3E05E0451D7DDDA700FA476E /* Products */;
			projectDirPath = "";
			projectRoot = "";
			targets = (
				3E05E0431D7DDDA700FA476E /* SomeThingSimple */,
			);
		};
/* End PBXProject section */

/* Begin PBXResourcesBuildPhase section */
		3E05E0421D7DDDA700FA476E /* Resources */ = {
			isa = PBXResourcesBuildPhase;
			buildActionMask = 2147483647;
			files = (
				3E05E0521D7DDDA700FA476E /* LaunchScreen.storyboard in Resources */,
				3E05E04F1D7DDDA700FA476E /* Assets.xcassets in Resources */,
				3E05E04D1D7DDDA700FA476E /* Main.storyboard in Resources */,
			);
			runOnlyForDeploymentPostprocessing = 0;
		};
/* End PBXResourcesBuildPhase section */

/* Begin PBXSourcesBuildPhase section */
		3E05E0401D7DDDA700FA476E /* Sources */ = {
			isa = PBXSourcesBuildPhase;
			buildActionMask = 2147483647;
			files = (
				3E05E04A1D7DDDA700FA476E /* ViewController.swift in Sources */,
				3E05E0481D7DDDA700FA476E /* AppDelegate.swift in Sources */,
			);
			runOnlyForDeploymentPostprocessing = 0;
		};
/* End PBXSourcesBuildPhase section */

/* Begin PBXVariantGroup section */
		3E05E04B1D7DDDA700FA476E /* Main.storyboard */ = {
			isa = PBXVariantGroup;
			children = (
				3E05E04C1D7DDDA700FA476E /* Base */,
			);
			name = Main.storyboard;
			sourceTree = "<group>";
		};
		3E05E0501D7DDDA700FA476E /* LaunchScreen.storyboard */ = {
			isa = PBXVariantGroup;
			children = (
				3E05E0511D7DDDA700FA476E /* Base */,
			);
			name = LaunchScreen.storyboard;
			sourceTree = "<group>";
		};
/* End PBXVariantGroup section */

/* Begin XCBuildConfiguration section */
		3E05E0541D7DDDA700FA476E /* Debug */ = {
			isa = XCBuildConfiguration;
			buildSettings = {
				ALWAYS_SEARCH_USER_PATHS = NO;
				CLANG_ANALYZER_NONNULL = YES;
				CLANG_CXX_LANGUAGE_STANDARD = "gnu++0x";
				CLANG_CXX_LIBRARY = "libc++";
				CLANG_ENABLE_MODULES = YES;
				CLANG_ENABLE_OBJC_ARC = YES;
				CLANG_WARN_BOOL_CONVERSION = YES;
				CLANG_WARN_CONSTANT_CONVERSION = YES;
				CLANG_WARN_DIRECT_OBJC_ISA_USAGE = YES_ERROR;
				CLANG_WARN_DOCUMENTATION_COMMENTS = YES;
				CLANG_WARN_EMPTY_BODY = YES;
				CLANG_WARN_ENUM_CONVERSION = YES;
				CLANG_WARN_INFINITE_RECURSION = YES;
				CLANG_WARN_INT_CONVERSION = YES;
				CLANG_WARN_OBJC_ROOT_CLASS = YES_ERROR;
				CLANG_WARN_SUSPICIOUS_MOVES = YES;
				CLANG_WARN_UNREACHABLE_CODE = YES;
				CLANG_WARN__DUPLICATE_METHOD_MATCH = YES;
				"CODE_SIGN_IDENTITY[sdk=iphoneos*]" = "iPhone Developer";
				COPY_PHASE_STRIP = NO;
				DEBUG_INFORMATION_FORMAT = dwarf;
				ENABLE_STRICT_OBJC_MSGSEND = YES;
				ENABLE_TESTABILITY = YES;
				GCC_C_LANGUAGE_STANDARD = gnu99;
				GCC_DYNAMIC_NO_PIC = NO;
				GCC_NO_COMMON_BLOCKS = YES;
				GCC_OPTIMIZATION_LEVEL = 0;
				GCC_PREPROCESSOR_DEFINITIONS = (
					"DEBUG=1",
					"$(inherited)",
				);
				GCC_WARN_64_TO_32_BIT_CONVERSION = YES;
				GCC_WARN_ABOUT_RETURN_TYPE = YES_ERROR;
				GCC_WARN_UNDECLARED_SELECTOR = YES;
				GCC_WARN_UNINITIALIZED_AUTOS = YES_AGGRESSIVE;
				GCC_WARN_UNUSED_FUNCTION = YES;
				GCC_WARN_UNUSED_VARIABLE = YES;
				IPHONEOS_DEPLOYMENT_TARGET = 10.0;
				MTL_ENABLE_DEBUG_INFO = YES;
				ONLY_ACTIVE_ARCH = YES;
				SDKROOT = iphoneos;
				SWIFT_ACTIVE_COMPILATION_CONDITIONS = DEBUG;
				SWIFT_OPTIMIZATION_LEVEL = "-Onone";
				TARGETED_DEVICE_FAMILY = "1,2";
			};
			name = Debug;
		};
		3E05E0551D7DDDA700FA476E /* Release */ = {
			isa = XCBuildConfiguration;
			buildSettings = {
				ALWAYS_SEARCH_USER_PATHS = NO;
				CLANG_ANALYZER_NONNULL = YES;
				CLANG_CXX_LANGUAGE_STANDARD = "gnu++0x";
				CLANG_CXX_LIBRARY = "libc++";
				CLANG_ENABLE_MODULES = YES;
				CLANG_ENABLE_OBJC_ARC = YES;
				CLANG_WARN_BOOL_CONVERSION = YES;
				CLANG_WARN_CONSTANT_CONVERSION = YES;
				CLANG_WARN_DIRECT_OBJC_ISA_USAGE = YES_ERROR;
				CLANG_WARN_DOCUMENTATION_COMMENTS = YES;
				CLANG_WARN_EMPTY_BODY = YES;
				CLANG_WARN_ENUM_CONVERSION = YES;
				CLANG_WARN_INFINITE_RECURSION = YES;
				CLANG_WARN_INT_CONVERSION = YES;
				CLANG_WARN_OBJC_ROOT_CLASS = YES_ERROR;
				CLANG_WARN_SUSPICIOUS_MOVES = YES;
				CLANG_WARN_UNREACHABLE_CODE = YES;
				CLANG_WARN__DUPLICATE_METHOD_MATCH = YES;
				"CODE_SIGN_IDENTITY[sdk=iphoneos*]" = "iPhone Developer";
				COPY_PHASE_STRIP = NO;
				DEBUG_INFORMATION_FORMAT = "dwarf-with-dsym";
				ENABLE_NS_ASSERTIONS = NO;
				ENABLE_STRICT_OBJC_MSGSEND = YES;
				GCC_C_LANGUAGE_STANDARD = gnu99;
				GCC_NO_COMMON_BLOCKS = YES;
				GCC_WARN_64_TO_32_BIT_CONVERSION = YES;
				GCC_WARN_ABOUT_RETURN_TYPE = YES_ERROR;
				GCC_WARN_UNDECLARED_SELECTOR = YES;
				GCC_WARN_UNINITIALIZED_AUTOS = YES_AGGRESSIVE;
				GCC_WARN_UNUSED_FUNCTION = YES;
				GCC_WARN_UNUSED_VARIABLE = YES;
				IPHONEOS_DEPLOYMENT_TARGET = 10.0;
				MTL_ENABLE_DEBUG_INFO = NO;
				SDKROOT = iphoneos;
				SWIFT_OPTIMIZATION_LEVEL = "-Owholemodule";
				TARGETED_DEVICE_FAMILY = "1,2";
				VALIDATE_PRODUCT = YES;
			};
			name = Release;
		};
		3E05E0571D7DDDA700FA476E /* Debug */ = {
			isa = XCBuildConfiguration;
			buildSettings = {
				ASSETCATALOG_COMPILER_APPICON_NAME = AppIcon;
				DEVELOPMENT_TEAM = 5XE55ZFAF9;
				INFOPLIST_FILE = SomeThingSimple/Info.plist;
				LD_RUNPATH_SEARCH_PATHS = "$(inherited) @executable_path/Frameworks";
				PRODUCT_BUNDLE_IDENTIFIER = com.futarque.SomeThingSimple;
				PRODUCT_NAME = "$(TARGET_NAME)";
				SWIFT_VERSION = 3.0;
			};
			name = Debug;
		};
		3E05E0581D7DDDA700FA476E /* Release */ = {
			isa = XCBuildConfiguration;
			buildSettings = {
				ASSETCATALOG_COMPILER_APPICON_NAME = AppIcon;
				DEVELOPMENT_TEAM = 5XE55ZFAF9;
				INFOPLIST_FILE = SomeThingSimple/Info.plist;
				LD_RUNPATH_SEARCH_PATHS = "$(inherited) @executable_path/Frameworks";
				PRODUCT_BUNDLE_IDENTIFIER = com.futarque.SomeThingSimple;
				PRODUCT_NAME = "$(TARGET_NAME)";
				SWIFT_VERSION = 3.0;
			};
			name = Release;
		};
/* End XCBuildConfiguration section */

/* Begin XCConfigurationList section */
		3E05E03F1D7DDDA700FA476E /* Build configuration list for PBXProject "SomeThingSimple" */ = {
			isa = XCConfigurationList;
			buildConfigurations = (
				3E05E0541D7DDDA700FA476E /* Debug */,
				3E05E0551D7DDDA700FA476E /* Release */,
			);
			defaultConfigurationIsVisible = 0;
			defaultConfigurationName = Release;
		};
		3E05E0561D7DDDA700FA476E /* Build configuration list for PBXNativeTarget "SomeThingSimple" */ = {
			isa = XCConfigurationList;
			buildConfigurations = (
				3E05E0571D7DDDA700FA476E /* Debug */,
				3E05E0581D7DDDA700FA476E /* Release */,
			);
			defaultConfigurationIsVisible = 0;
		};
/* End XCConfigurationList section */
	};
	rootObject = 3E05E03C1D7DDDA700FA476E /* Project object */;
}
